// !$*UTF8*$!
{
	archiveVersion = 1;
	classes = {
	};
	objectVersion = 50;
	objects = {

/* Begin PBXBuildFile section */
		4BFFB32A261579B500332C6B /* AppDelegate.swift in Sources */ = {isa = PBXBuildFile; fileRef = 4BFFB329261579B500332C6B /* AppDelegate.swift */; };
		4BFFB32C261579B500332C6B /* SceneDelegate.swift in Sources */ = {isa = PBXBuildFile; fileRef = 4BFFB32B261579B500332C6B /* SceneDelegate.swift */; };
		4BFFB32E261579B500332C6B /* ViewController.swift in Sources */ = {isa = PBXBuildFile; fileRef = 4BFFB32D261579B500332C6B /* ViewController.swift */; };
		4BFFB331261579B500332C6B /* Main.storyboard in Resources */ = {isa = PBXBuildFile; fileRef = 4BFFB32F261579B500332C6B /* Main.storyboard */; };
		4BFFB334261579B500332C6B /* UnitTestingDemo.xcdatamodeld in Sources */ = {isa = PBXBuildFile; fileRef = 4BFFB332261579B500332C6B /* UnitTestingDemo.xcdatamodeld */; };
		4BFFB336261579B600332C6B /* Assets.xcassets in Resources */ = {isa = PBXBuildFile; fileRef = 4BFFB335261579B600332C6B /* Assets.xcassets */; };
		4BFFB339261579B700332C6B /* LaunchScreen.storyboard in Resources */ = {isa = PBXBuildFile; fileRef = 4BFFB337261579B700332C6B /* LaunchScreen.storyboard */; };
		4BFFB34826157B9000332C6B /* UnitTestingDemoTests.swift in Sources */ = {isa = PBXBuildFile; fileRef = 4BFFB34726157B9000332C6B /* UnitTestingDemoTests.swift */; };
		4BFFB35826157B9D00332C6B /* UnitTestingDemoUITests.swift in Sources */ = {isa = PBXBuildFile; fileRef = 4BFFB35726157B9D00332C6B /* UnitTestingDemoUITests.swift */; };
		4BFFB36326157D4700332C6B /* TableViewController.swift in Sources */ = {isa = PBXBuildFile; fileRef = 4BFFB36226157D4700332C6B /* TableViewController.swift */; };
		4BFFB36826157D5C00332C6B /* TableViewCell.swift in Sources */ = {isa = PBXBuildFile; fileRef = 4BFFB36726157D5C00332C6B /* TableViewCell.swift */; };
		4BFFB37A2615873D00332C6B /* AlertDialog.swift in Sources */ = {isa = PBXBuildFile; fileRef = 4BFFB3752615873900332C6B /* AlertDialog.swift */; };
/* End PBXBuildFile section */

/* Begin PBXContainerItemProxy section */
		4BFFB34A26157B9000332C6B /* PBXContainerItemProxy */ = {
			isa = PBXContainerItemProxy;
			containerPortal = 4BFFB31E261579B500332C6B /* Project object */;
			proxyType = 1;
			remoteGlobalIDString = 4BFFB325261579B500332C6B;
			remoteInfo = UnitTestingDemo;
		};
		4BFFB35A26157B9D00332C6B /* PBXContainerItemProxy */ = {
			isa = PBXContainerItemProxy;
			containerPortal = 4BFFB31E261579B500332C6B /* Project object */;
			proxyType = 1;
			remoteGlobalIDString = 4BFFB325261579B500332C6B;
			remoteInfo = UnitTestingDemo;
		};
/* End PBXContainerItemProxy section */

/* Begin PBXFileReference section */
		4BFFB326261579B500332C6B /* UnitTestingDemo.app */ = {isa = PBXFileReference; explicitFileType = wrapper.application; includeInIndex = 0; path = UnitTestingDemo.app; sourceTree = BUILT_PRODUCTS_DIR; };
		4BFFB329261579B500332C6B /* AppDelegate.swift */ = {isa = PBXFileReference; lastKnownFileType = sourcecode.swift; path = AppDelegate.swift; sourceTree = "<group>"; };
		4BFFB32B261579B500332C6B /* SceneDelegate.swift */ = {isa = PBXFileReference; lastKnownFileType = sourcecode.swift; path = SceneDelegate.swift; sourceTree = "<group>"; };
		4BFFB32D261579B500332C6B /* ViewController.swift */ = {isa = PBXFileReference; lastKnownFileType = sourcecode.swift; path = ViewController.swift; sourceTree = "<group>"; };
		4BFFB330261579B500332C6B /* Base */ = {isa = PBXFileReference; lastKnownFileType = file.storyboard; name = Base; path = Base.lproj/Main.storyboard; sourceTree = "<group>"; };
		4BFFB333261579B500332C6B /* UnitTestingDemo.xcdatamodel */ = {isa = PBXFileReference; lastKnownFileType = wrapper.xcdatamodel; path = UnitTestingDemo.xcdatamodel; sourceTree = "<group>"; };
		4BFFB335261579B600332C6B /* Assets.xcassets */ = {isa = PBXFileReference; lastKnownFileType = folder.assetcatalog; path = Assets.xcassets; sourceTree = "<group>"; };
		4BFFB338261579B700332C6B /* Base */ = {isa = PBXFileReference; lastKnownFileType = file.storyboard; name = Base; path = Base.lproj/LaunchScreen.storyboard; sourceTree = "<group>"; };
		4BFFB33A261579B700332C6B /* Info.plist */ = {isa = PBXFileReference; lastKnownFileType = text.plist.xml; path = Info.plist; sourceTree = "<group>"; };
		4BFFB34526157B9000332C6B /* UnitTestingDemoTests.xctest */ = {isa = PBXFileReference; explicitFileType = wrapper.cfbundle; includeInIndex = 0; path = UnitTestingDemoTests.xctest; sourceTree = BUILT_PRODUCTS_DIR; };
		4BFFB34726157B9000332C6B /* UnitTestingDemoTests.swift */ = {isa = PBXFileReference; lastKnownFileType = sourcecode.swift; path = UnitTestingDemoTests.swift; sourceTree = "<group>"; };
		4BFFB34926157B9000332C6B /* Info.plist */ = {isa = PBXFileReference; lastKnownFileType = text.plist.xml; path = Info.plist; sourceTree = "<group>"; };
		4BFFB35526157B9D00332C6B /* UnitTestingDemoUITests.xctest */ = {isa = PBXFileReference; explicitFileType = wrapper.cfbundle; includeInIndex = 0; path = UnitTestingDemoUITests.xctest; sourceTree = BUILT_PRODUCTS_DIR; };
		4BFFB35726157B9D00332C6B /* UnitTestingDemoUITests.swift */ = {isa = PBXFileReference; lastKnownFileType = sourcecode.swift; path = UnitTestingDemoUITests.swift; sourceTree = "<group>"; };
		4BFFB35926157B9D00332C6B /* Info.plist */ = {isa = PBXFileReference; lastKnownFileType = text.plist.xml; path = Info.plist; sourceTree = "<group>"; };
		4BFFB36226157D4700332C6B /* TableViewController.swift */ = {isa = PBXFileReference; lastKnownFileType = sourcecode.swift; path = TableViewController.swift; sourceTree = "<group>"; };
		4BFFB36726157D5C00332C6B /* TableViewCell.swift */ = {isa = PBXFileReference; lastKnownFileType = sourcecode.swift; path = TableViewCell.swift; sourceTree = "<group>"; };
		4BFFB3752615873900332C6B /* AlertDialog.swift */ = {isa = PBXFileReference; lastKnownFileType = sourcecode.swift; path = AlertDialog.swift; sourceTree = "<group>"; };
/* End PBXFileReference section */

/* Begin PBXFrameworksBuildPhase section */
		4BFFB323261579B500332C6B /* Frameworks */ = {
			isa = PBXFrameworksBuildPhase;
			buildActionMask = 2147483647;
			files = (
			);
			runOnlyForDeploymentPostprocessing = 0;
		};
		4BFFB34226157B9000332C6B /* Frameworks */ = {
			isa = PBXFrameworksBuildPhase;
			buildActionMask = 2147483647;
			files = (
			);
			runOnlyForDeploymentPostprocessing = 0;
		};
		4BFFB35226157B9D00332C6B /* Frameworks */ = {
			isa = PBXFrameworksBuildPhase;
			buildActionMask = 2147483647;
			files = (
			);
			runOnlyForDeploymentPostprocessing = 0;
		};
/* End PBXFrameworksBuildPhase section */

/* Begin PBXGroup section */
		4BFFB31D261579B500332C6B = {
			isa = PBXGroup;
			children = (
				4BFFB328261579B500332C6B /* UnitTestingDemo */,
				4BFFB34626157B9000332C6B /* UnitTestingDemoTests */,
				4BFFB35626157B9D00332C6B /* UnitTestingDemoUITests */,
				4BFFB327261579B500332C6B /* Products */,
			);
			sourceTree = "<group>";
		};
		4BFFB327261579B500332C6B /* Products */ = {
			isa = PBXGroup;
			children = (
				4BFFB326261579B500332C6B /* UnitTestingDemo.app */,
				4BFFB34526157B9000332C6B /* UnitTestingDemoTests.xctest */,
				4BFFB35526157B9D00332C6B /* UnitTestingDemoUITests.xctest */,
			);
			name = Products;
			sourceTree = "<group>";
		};
		4BFFB328261579B500332C6B /* UnitTestingDemo */ = {
			isa = PBXGroup;
			children = (
				4BFFB329261579B500332C6B /* AppDelegate.swift */,
				4BFFB32B261579B500332C6B /* SceneDelegate.swift */,
				4BFFB32D261579B500332C6B /* ViewController.swift */,
				4BFFB36226157D4700332C6B /* TableViewController.swift */,
				4BFFB36726157D5C00332C6B /* TableViewCell.swift */,
				4BFFB3752615873900332C6B /* AlertDialog.swift */,
				4BFFB32F261579B500332C6B /* Main.storyboard */,
				4BFFB335261579B600332C6B /* Assets.xcassets */,
				4BFFB337261579B700332C6B /* LaunchScreen.storyboard */,
				4BFFB33A261579B700332C6B /* Info.plist */,
				4BFFB332261579B500332C6B /* UnitTestingDemo.xcdatamodeld */,
			);
			path = UnitTestingDemo;
			sourceTree = "<group>";
		};
		4BFFB34626157B9000332C6B /* UnitTestingDemoTests */ = {
			isa = PBXGroup;
			children = (
				4BFFB34726157B9000332C6B /* UnitTestingDemoTests.swift */,
				4BFFB34926157B9000332C6B /* Info.plist */,
			);
			path = UnitTestingDemoTests;
			sourceTree = "<group>";
		};
		4BFFB35626157B9D00332C6B /* UnitTestingDemoUITests */ = {
			isa = PBXGroup;
			children = (
				4BFFB35726157B9D00332C6B /* UnitTestingDemoUITests.swift */,
				4BFFB35926157B9D00332C6B /* Info.plist */,
			);
			path = UnitTestingDemoUITests;
			sourceTree = "<group>";
		};
/* End PBXGroup section */

/* Begin PBXNativeTarget section */
		4BFFB325261579B500332C6B /* UnitTestingDemo */ = {
			isa = PBXNativeTarget;
			buildConfigurationList = 4BFFB33D261579B700332C6B /* Build configuration list for PBXNativeTarget "UnitTestingDemo" */;
			buildPhases = (
				4BFFB322261579B500332C6B /* Sources */,
				4BFFB323261579B500332C6B /* Frameworks */,
				4BFFB324261579B500332C6B /* Resources */,
			);
			buildRules = (
			);
			dependencies = (
			);
			name = UnitTestingDemo;
			productName = UnitTestingDemo;
			productReference = 4BFFB326261579B500332C6B /* UnitTestingDemo.app */;
			productType = "com.apple.product-type.application";
		};
		4BFFB34426157B9000332C6B /* UnitTestingDemoTests */ = {
			isa = PBXNativeTarget;
			buildConfigurationList = 4BFFB34C26157B9000332C6B /* Build configuration list for PBXNativeTarget "UnitTestingDemoTests" */;
			buildPhases = (
				4BFFB34126157B9000332C6B /* Sources */,
				4BFFB34226157B9000332C6B /* Frameworks */,
				4BFFB34326157B9000332C6B /* Resources */,
			);
			buildRules = (
			);
			dependencies = (
				4BFFB34B26157B9000332C6B /* PBXTargetDependency */,
			);
			name = UnitTestingDemoTests;
			productName = UnitTestingDemoTests;
			productReference = 4BFFB34526157B9000332C6B /* UnitTestingDemoTests.xctest */;
			productType = "com.apple.product-type.bundle.unit-test";
		};
		4BFFB35426157B9D00332C6B /* UnitTestingDemoUITests */ = {
			isa = PBXNativeTarget;
			buildConfigurationList = 4BFFB35C26157B9D00332C6B /* Build configuration list for PBXNativeTarget "UnitTestingDemoUITests" */;
			buildPhases = (
				4BFFB35126157B9D00332C6B /* Sources */,
				4BFFB35226157B9D00332C6B /* Frameworks */,
				4BFFB35326157B9D00332C6B /* Resources */,
			);
			buildRules = (
			);
			dependencies = (
				4BFFB35B26157B9D00332C6B /* PBXTargetDependency */,
			);
			name = UnitTestingDemoUITests;
			productName = UnitTestingDemoUITests;
			productReference = 4BFFB35526157B9D00332C6B /* UnitTestingDemoUITests.xctest */;
			productType = "com.apple.product-type.bundle.ui-testing";
		};
/* End PBXNativeTarget section */

/* Begin PBXProject section */
		4BFFB31E261579B500332C6B /* Project object */ = {
			isa = PBXProject;
			attributes = {
				LastSwiftUpdateCheck = 1240;
				LastUpgradeCheck = 1240;
				TargetAttributes = {
					4BFFB325261579B500332C6B = {
						CreatedOnToolsVersion = 12.4;
					};
					4BFFB34426157B9000332C6B = {
						CreatedOnToolsVersion = 12.4;
						TestTargetID = 4BFFB325261579B500332C6B;
					};
					4BFFB35426157B9D00332C6B = {
						CreatedOnToolsVersion = 12.4;
						TestTargetID = 4BFFB325261579B500332C6B;
					};
				};
			};
			buildConfigurationList = 4BFFB321261579B500332C6B /* Build configuration list for PBXProject "UnitTestingDemo" */;
			compatibilityVersion = "Xcode 9.3";
			developmentRegion = en;
			hasScannedForEncodings = 0;
			knownRegions = (
				en,
				Base,
			);
			mainGroup = 4BFFB31D261579B500332C6B;
			productRefGroup = 4BFFB327261579B500332C6B /* Products */;
			projectDirPath = "";
			projectRoot = "";
			targets = (
				4BFFB325261579B500332C6B /* UnitTestingDemo */,
				4BFFB34426157B9000332C6B /* UnitTestingDemoTests */,
				4BFFB35426157B9D00332C6B /* UnitTestingDemoUITests */,
			);
		};
/* End PBXProject section */

/* Begin PBXResourcesBuildPhase section */
		4BFFB324261579B500332C6B /* Resources */ = {
			isa = PBXResourcesBuildPhase;
			buildActionMask = 2147483647;
			files = (
				4BFFB339261579B700332C6B /* LaunchScreen.storyboard in Resources */,
				4BFFB336261579B600332C6B /* Assets.xcassets in Resources */,
				4BFFB331261579B500332C6B /* Main.storyboard in Resources */,
			);
			runOnlyForDeploymentPostprocessing = 0;
		};
		4BFFB34326157B9000332C6B /* Resources */ = {
			isa = PBXResourcesBuildPhase;
			buildActionMask = 2147483647;
			files = (
			);
			runOnlyForDeploymentPostprocessing = 0;
		};
		4BFFB35326157B9D00332C6B /* Resources */ = {
			isa = PBXResourcesBuildPhase;
			buildActionMask = 2147483647;
			files = (
			);
			runOnlyForDeploymentPostprocessing = 0;
		};
/* End PBXResourcesBuildPhase section */

/* Begin PBXSourcesBuildPhase section */
		4BFFB322261579B500332C6B /* Sources */ = {
			isa = PBXSourcesBuildPhase;
			buildActionMask = 2147483647;
			files = (
				4BFFB32E261579B500332C6B /* ViewController.swift in Sources */,
				4BFFB32A261579B500332C6B /* AppDelegate.swift in Sources */,
				4BFFB32C261579B500332C6B /* SceneDelegate.swift in Sources */,
				4BFFB36826157D5C00332C6B /* TableViewCell.swift in Sources */,
				4BFFB37A2615873D00332C6B /* AlertDialog.swift in Sources */,
				4BFFB36326157D4700332C6B /* TableViewController.swift in Sources */,
				4BFFB334261579B500332C6B /* UnitTestingDemo.xcdatamodeld in Sources */,
			);
			runOnlyForDeploymentPostprocessing = 0;
		};
		4BFFB34126157B9000332C6B /* Sources */ = {
			isa = PBXSourcesBuildPhase;
			buildActionMask = 2147483647;
			files = (
				4BFFB34826157B9000332C6B /* UnitTestingDemoTests.swift in Sources */,
			);
			runOnlyForDeploymentPostprocessing = 0;
		};
		4BFFB35126157B9D00332C6B /* Sources */ = {
			isa = PBXSourcesBuildPhase;
			buildActionMask = 2147483647;
			files = (
				4BFFB35826157B9D00332C6B /* UnitTestingDemoUITests.swift in Sources */,
			);
			runOnlyForDeploymentPostprocessing = 0;
		};
/* End PBXSourcesBuildPhase section */

/* Begin PBXTargetDependency section */
		4BFFB34B26157B9000332C6B /* PBXTargetDependency */ = {
			isa = PBXTargetDependency;
			target = 4BFFB325261579B500332C6B /* UnitTestingDemo */;
			targetProxy = 4BFFB34A26157B9000332C6B /* PBXContainerItemProxy */;
		};
		4BFFB35B26157B9D00332C6B /* PBXTargetDependency */ = {
			isa = PBXTargetDependency;
			target = 4BFFB325261579B500332C6B /* UnitTestingDemo */;
			targetProxy = 4BFFB35A26157B9D00332C6B /* PBXContainerItemProxy */;
		};
/* End PBXTargetDependency section */

/* Begin PBXVariantGroup section */
		4BFFB32F261579B500332C6B /* Main.storyboard */ = {
			isa = PBXVariantGroup;
			children = (
				4BFFB330261579B500332C6B /* Base */,
			);
			name = Main.storyboard;
			sourceTree = "<group>";
		};
		4BFFB337261579B700332C6B /* LaunchScreen.storyboard */ = {
			isa = PBXVariantGroup;
			children = (
				4BFFB338261579B700332C6B /* Base */,
			);
			name = LaunchScreen.storyboard;
			sourceTree = "<group>";
		};
/* End PBXVariantGroup section */

/* Begin XCBuildConfiguration section */
		4BFFB33B261579B700332C6B /* Debug */ = {
			isa = XCBuildConfiguration;
			buildSettings = {
				ALWAYS_SEARCH_USER_PATHS = NO;
				CLANG_ANALYZER_NONNULL = YES;
				CLANG_ANALYZER_NUMBER_OBJECT_CONVERSION = YES_AGGRESSIVE;
				CLANG_CXX_LANGUAGE_STANDARD = "gnu++14";
				CLANG_CXX_LIBRARY = "libc++";
				CLANG_ENABLE_MODULES = YES;
				CLANG_ENABLE_OBJC_ARC = YES;
				CLANG_ENABLE_OBJC_WEAK = YES;
				CLANG_WARN_BLOCK_CAPTURE_AUTORELEASING = YES;
				CLANG_WARN_BOOL_CONVERSION = YES;
				CLANG_WARN_COMMA = YES;
				CLANG_WARN_CONSTANT_CONVERSION = YES;
				CLANG_WARN_DEPRECATED_OBJC_IMPLEMENTATIONS = YES;
				CLANG_WARN_DIRECT_OBJC_ISA_USAGE = YES_ERROR;
				CLANG_WARN_DOCUMENTATION_COMMENTS = YES;
				CLANG_WARN_EMPTY_BODY = YES;
				CLANG_WARN_ENUM_CONVERSION = YES;
				CLANG_WARN_INFINITE_RECURSION = YES;
				CLANG_WARN_INT_CONVERSION = YES;
				CLANG_WARN_NON_LITERAL_NULL_CONVERSION = YES;
				CLANG_WARN_OBJC_IMPLICIT_RETAIN_SELF = YES;
				CLANG_WARN_OBJC_LITERAL_CONVERSION = YES;
				CLANG_WARN_OBJC_ROOT_CLASS = YES_ERROR;
				CLANG_WARN_QUOTED_INCLUDE_IN_FRAMEWORK_HEADER = YES;
				CLANG_WARN_RANGE_LOOP_ANALYSIS = YES;
				CLANG_WARN_STRICT_PROTOTYPES = YES;
				CLANG_WARN_SUSPICIOUS_MOVE = YES;
				CLANG_WARN_UNGUARDED_AVAILABILITY = YES_AGGRESSIVE;
				CLANG_WARN_UNREACHABLE_CODE = YES;
				CLANG_WARN__DUPLICATE_METHOD_MATCH = YES;
				COPY_PHASE_STRIP = NO;
				DEBUG_INFORMATION_FORMAT = dwarf;
				ENABLE_STRICT_OBJC_MSGSEND = YES;
				ENABLE_TESTABILITY = YES;
				GCC_C_LANGUAGE_STANDARD = gnu11;
				GCC_DYNAMIC_NO_PIC = NO;
				GCC_NO_COMMON_BLOCKS = YES;
				GCC_OPTIMIZATION_LEVEL = 0;
				GCC_PREPROCESSOR_DEFINITIONS = (
					"DEBUG=1",
					"$(inherited)",
				);
				GCC_WARN_64_TO_32_BIT_CONVERSION = YES;
				GCC_WARN_ABOUT_RETURN_TYPE = YES_ERROR;
				GCC_WARN_UNDECLARED_SELECTOR = YES;
				GCC_WARN_UNINITIALIZED_AUTOS = YES_AGGRESSIVE;
				GCC_WARN_UNUSED_FUNCTION = YES;
				GCC_WARN_UNUSED_VARIABLE = YES;
				IPHONEOS_DEPLOYMENT_TARGET = 14.4;
				MTL_ENABLE_DEBUG_INFO = INCLUDE_SOURCE;
				MTL_FAST_MATH = YES;
				ONLY_ACTIVE_ARCH = YES;
				SDKROOT = iphoneos;
				SWIFT_ACTIVE_COMPILATION_CONDITIONS = DEBUG;
				SWIFT_OPTIMIZATION_LEVEL = "-Onone";
			};
			name = Debug;
		};
		4BFFB33C261579B700332C6B /* Release */ = {
			isa = XCBuildConfiguration;
			buildSettings = {
				ALWAYS_SEARCH_USER_PATHS = NO;
				CLANG_ANALYZER_NONNULL = YES;
				CLANG_ANALYZER_NUMBER_OBJECT_CONVERSION = YES_AGGRESSIVE;
				CLANG_CXX_LANGUAGE_STANDARD = "gnu++14";
				CLANG_CXX_LIBRARY = "libc++";
				CLANG_ENABLE_MODULES = YES;
				CLANG_ENABLE_OBJC_ARC = YES;
				CLANG_ENABLE_OBJC_WEAK = YES;
				CLANG_WARN_BLOCK_CAPTURE_AUTORELEASING = YES;
				CLANG_WARN_BOOL_CONVERSION = YES;
				CLANG_WARN_COMMA = YES;
				CLANG_WARN_CONSTANT_CONVERSION = YES;
				CLANG_WARN_DEPRECATED_OBJC_IMPLEMENTATIONS = YES;
				CLANG_WARN_DIRECT_OBJC_ISA_USAGE = YES_ERROR;
				CLANG_WARN_DOCUMENTATION_COMMENTS = YES;
				CLANG_WARN_EMPTY_BODY = YES;
				CLANG_WARN_ENUM_CONVERSION = YES;
				CLANG_WARN_INFINITE_RECURSION = YES;
				CLANG_WARN_INT_CONVERSION = YES;
				CLANG_WARN_NON_LITERAL_NULL_CONVERSION = YES;
				CLANG_WARN_OBJC_IMPLICIT_RETAIN_SELF = YES;
				CLANG_WARN_OBJC_LITERAL_CONVERSION = YES;
				CLANG_WARN_OBJC_ROOT_CLASS = YES_ERROR;
				CLANG_WARN_QUOTED_INCLUDE_IN_FRAMEWORK_HEADER = YES;
				CLANG_WARN_RANGE_LOOP_ANALYSIS = YES;
				CLANG_WARN_STRICT_PROTOTYPES = YES;
				CLANG_WARN_SUSPICIOUS_MOVE = YES;
				CLANG_WARN_UNGUARDED_AVAILABILITY = YES_AGGRESSIVE;
				CLANG_WARN_UNREACHABLE_CODE = YES;
				CLANG_WARN__DUPLICATE_METHOD_MATCH = YES;
				COPY_PHASE_STRIP = NO;
				DEBUG_INFORMATION_FORMAT = "dwarf-with-dsym";
				ENABLE_NS_ASSERTIONS = NO;
				ENABLE_STRICT_OBJC_MSGSEND = YES;
				GCC_C_LANGUAGE_STANDARD = gnu11;
				GCC_NO_COMMON_BLOCKS = YES;
				GCC_WARN_64_TO_32_BIT_CONVERSION = YES;
				GCC_WARN_ABOUT_RETURN_TYPE = YES_ERROR;
				GCC_WARN_UNDECLARED_SELECTOR = YES;
				GCC_WARN_UNINITIALIZED_AUTOS = YES_AGGRESSIVE;
				GCC_WARN_UNUSED_FUNCTION = YES;
				GCC_WARN_UNUSED_VARIABLE = YES;
				IPHONEOS_DEPLOYMENT_TARGET = 14.4;
				MTL_ENABLE_DEBUG_INFO = NO;
				MTL_FAST_MATH = YES;
				SDKROOT = iphoneos;
				SWIFT_COMPILATION_MODE = wholemodule;
				SWIFT_OPTIMIZATION_LEVEL = "-O";
				VALIDATE_PRODUCT = YES;
			};
			name = Release;
		};
		4BFFB33E261579B700332C6B /* Debug */ = {
			isa = XCBuildConfiguration;
			buildSettings = {
				ASSETCATALOG_COMPILER_APPICON_NAME = AppIcon;
				ASSETCATALOG_COMPILER_GLOBAL_ACCENT_COLOR_NAME = AccentColor;
				CODE_SIGN_STYLE = Automatic;
				DEVELOPMENT_TEAM = W6BB95GGVW;
				INFOPLIST_FILE = UnitTestingDemo/Info.plist;
				LD_RUNPATH_SEARCH_PATHS = (
					"$(inherited)",
					"@executable_path/Frameworks",
				);
				PRODUCT_BUNDLE_IDENTIFIER = com.airbnb.UnitTestingDemo;
				PRODUCT_NAME = "$(TARGET_NAME)";
				SWIFT_VERSION = 5.0;
				TARGETED_DEVICE_FAMILY = "1,2";
			};
			name = Debug;
		};
		4BFFB33F261579B700332C6B /* Release */ = {
			isa = XCBuildConfiguration;
			buildSettings = {
				ASSETCATALOG_COMPILER_APPICON_NAME = AppIcon;
				ASSETCATALOG_COMPILER_GLOBAL_ACCENT_COLOR_NAME = AccentColor;
				CODE_SIGN_STYLE = Automatic;
				DEVELOPMENT_TEAM = W6BB95GGVW;
				INFOPLIST_FILE = UnitTestingDemo/Info.plist;
				LD_RUNPATH_SEARCH_PATHS = (
					"$(inherited)",
					"@executable_path/Frameworks",
				);
				PRODUCT_BUNDLE_IDENTIFIER = com.airbnb.UnitTestingDemo;
				PRODUCT_NAME = "$(TARGET_NAME)";
				SWIFT_VERSION = 5.0;
				TARGETED_DEVICE_FAMILY = "1,2";
			};
			name = Release;
		};
		4BFFB34D26157B9000332C6B /* Debug */ = {
			isa = XCBuildConfiguration;
			buildSettings = {
				BUNDLE_LOADER = "$(TEST_HOST)";
				CODE_SIGN_STYLE = Automatic;
				DEVELOPMENT_TEAM = W6BB95GGVW;
				INFOPLIST_FILE = UnitTestingDemoTests/Info.plist;
				LD_RUNPATH_SEARCH_PATHS = (
					"$(inherited)",
					"@executable_path/Frameworks",
					"@loader_path/Frameworks",
				);
				PRODUCT_BUNDLE_IDENTIFIER = com.airbnb.UnitTestingDemoTests;
				PRODUCT_NAME = "$(TARGET_NAME)";
				SWIFT_VERSION = 5.0;
				TARGETED_DEVICE_FAMILY = "1,2";
				TEST_HOST = "$(BUILT_PRODUCTS_DIR)/UnitTestingDemo.app/UnitTestingDemo";
			};
			name = Debug;
		};
		4BFFB34E26157B9000332C6B /* Release */ = {
			isa = XCBuildConfiguration;
			buildSettings = {
				BUNDLE_LOADER = "$(TEST_HOST)";
				CODE_SIGN_STYLE = Automatic;
				DEVELOPMENT_TEAM = W6BB95GGVW;
				INFOPLIST_FILE = UnitTestingDemoTests/Info.plist;
				LD_RUNPATH_SEARCH_PATHS = (
					"$(inherited)",
					"@executable_path/Frameworks",
					"@loader_path/Frameworks",
				);
				PRODUCT_BUNDLE_IDENTIFIER = com.airbnb.UnitTestingDemoTests;
				PRODUCT_NAME = "$(TARGET_NAME)";
				SWIFT_VERSION = 5.0;
				TARGETED_DEVICE_FAMILY = "1,2";
				TEST_HOST = "$(BUILT_PRODUCTS_DIR)/UnitTestingDemo.app/UnitTestingDemo";
			};
			name = Release;
		};
		4BFFB35D26157B9D00332C6B /* Debug */ = {
			isa = XCBuildConfiguration;
			buildSettings = {
				CODE_SIGN_STYLE = Automatic;
				DEVELOPMENT_TEAM = W6BB95GGVW;
				INFOPLIST_FILE = UnitTestingDemoUITests/Info.plist;
				LD_RUNPATH_SEARCH_PATHS = (
					"$(inherited)",
					"@executable_path/Frameworks",
					"@loader_path/Frameworks",
				);
				PRODUCT_BUNDLE_IDENTIFIER = com.airbnb.UnitTestingDemoUITests;
				PRODUCT_NAME = "$(TARGET_NAME)";
				SWIFT_VERSION = 5.0;
				TARGETED_DEVICE_FAMILY = "1,2";
				TEST_TARGET_NAME = UnitTestingDemo;
			};
			name = Debug;
		};
		4BFFB35E26157B9D00332C6B /* Release */ = {
			isa = XCBuildConfiguration;
			buildSettings = {
				CODE_SIGN_STYLE = Automatic;
				DEVELOPMENT_TEAM = W6BB95GGVW;
				INFOPLIST_FILE = UnitTestingDemoUITests/Info.plist;
				LD_RUNPATH_SEARCH_PATHS = (
					"$(inherited)",
					"@executable_path/Frameworks",
					"@loader_path/Frameworks",
				);
				PRODUCT_BUNDLE_IDENTIFIER = com.airbnb.UnitTestingDemoUITests;
				PRODUCT_NAME = "$(TARGET_NAME)";
				SWIFT_VERSION = 5.0;
				TARGETED_DEVICE_FAMILY = "1,2";
				TEST_TARGET_NAME = UnitTestingDemo;
			};
			name = Release;
		};
/* End XCBuildConfiguration section */

/* Begin XCConfigurationList section */
		4BFFB321261579B500332C6B /* Build configuration list for PBXProject "UnitTestingDemo" */ = {
			isa = XCConfigurationList;
			buildConfigurations = (
				4BFFB33B261579B700332C6B /* Debug */,
				4BFFB33C261579B700332C6B /* Release */,
			);
			defaultConfigurationIsVisible = 0;
			defaultConfigurationName = Release;
		};
		4BFFB33D261579B700332C6B /* Build configuration list for PBXNativeTarget "UnitTestingDemo" */ = {
			isa = XCConfigurationList;
			buildConfigurations = (
				4BFFB33E261579B700332C6B /* Debug */,
				4BFFB33F261579B700332C6B /* Release */,
			);
			defaultConfigurationIsVisible = 0;
			defaultConfigurationName = Release;
		};
		4BFFB34C26157B9000332C6B /* Build configuration list for PBXNativeTarget "UnitTestingDemoTests" */ = {
			isa = XCConfigurationList;
			buildConfigurations = (
				4BFFB34D26157B9000332C6B /* Debug */,
				4BFFB34E26157B9000332C6B /* Release */,
			);
			defaultConfigurationIsVisible = 0;
			defaultConfigurationName = Release;
		};
		4BFFB35C26157B9D00332C6B /* Build configuration list for PBXNativeTarget "UnitTestingDemoUITests" */ = {
			isa = XCConfigurationList;
			buildConfigurations = (
				4BFFB35D26157B9D00332C6B /* Debug */,
				4BFFB35E26157B9D00332C6B /* Release */,
			);
			defaultConfigurationIsVisible = 0;
			defaultConfigurationName = Release;
		};
/* End XCConfigurationList section */

/* Begin XCVersionGroup section */
		4BFFB332261579B500332C6B /* UnitTestingDemo.xcdatamodeld */ = {
			isa = XCVersionGroup;
			children = (
				4BFFB333261579B500332C6B /* UnitTestingDemo.xcdatamodel */,
			);
			currentVersion = 4BFFB333261579B500332C6B /* UnitTestingDemo.xcdatamodel */;
			path = UnitTestingDemo.xcdatamodeld;
			sourceTree = "<group>";
			versionGroupType = wrapper.xcdatamodel;
		};
/* End XCVersionGroup section */
	};
	rootObject = 4BFFB31E261579B500332C6B /* Project object */;
}
